// !$*UTF8*$!
{
	archiveVersion = 1;
	classes = {
	};
	objectVersion = 55;
	objects = {

/* Begin PBXBuildFile section */
		F234AD9D275923E900339A51 /* input02.txt in Resources */ = {isa = PBXBuildFile; fileRef = F234AD9C275923E900339A51 /* input02.txt */; };
		F234AD9F2759240D00339A51 /* DayTwo.swift in Sources */ = {isa = PBXBuildFile; fileRef = F234AD9E2759240D00339A51 /* DayTwo.swift */; };
		F234ADA12759282B00339A51 /* DayTwoTests.swift in Sources */ = {isa = PBXBuildFile; fileRef = F234ADA02759282B00339A51 /* DayTwoTests.swift */; };
		F234ADA32759288D00339A51 /* testInput02.txt in Resources */ = {isa = PBXBuildFile; fileRef = F234ADA22759288D00339A51 /* testInput02.txt */; };
		F234ADA527592EAE00339A51 /* DayOneView.swift in Sources */ = {isa = PBXBuildFile; fileRef = F234ADA427592EAE00339A51 /* DayOneView.swift */; };
		F234ADA727592F1200339A51 /* DayTwoView.swift in Sources */ = {isa = PBXBuildFile; fileRef = F234ADA627592F1200339A51 /* DayTwoView.swift */; };
		F234ADAB275A05E400339A51 /* DayProtocol.swift in Sources */ = {isa = PBXBuildFile; fileRef = F234ADAA275A05E400339A51 /* DayProtocol.swift */; };
		F234ADAD275A068000339A51 /* DayThree.swift in Sources */ = {isa = PBXBuildFile; fileRef = F234ADAC275A068000339A51 /* DayThree.swift */; };
		F234ADB0275A06B900339A51 /* input03.txt in Resources */ = {isa = PBXBuildFile; fileRef = F234ADAF275A06B900339A51 /* input03.txt */; };
		F234ADB4275A073600339A51 /* DayThreeTests.swift in Sources */ = {isa = PBXBuildFile; fileRef = F234ADB3275A073600339A51 /* DayThreeTests.swift */; };
		F234ADB7275A075200339A51 /* testInput03.txt in Resources */ = {isa = PBXBuildFile; fileRef = F234ADB6275A075200339A51 /* testInput03.txt */; };
		F234ADB9275A127200339A51 /* DayThreeView.swift in Sources */ = {isa = PBXBuildFile; fileRef = F234ADB8275A127200339A51 /* DayThreeView.swift */; };
		F234ADBB275BD11800339A51 /* DayFourTests.swift in Sources */ = {isa = PBXBuildFile; fileRef = F234ADBA275BD11800339A51 /* DayFourTests.swift */; };
		F234ADBE275BD13600339A51 /* testInput04.txt in Resources */ = {isa = PBXBuildFile; fileRef = F234ADBD275BD13600339A51 /* testInput04.txt */; };
		F234ADC0275BD1BC00339A51 /* DayFour.swift in Sources */ = {isa = PBXBuildFile; fileRef = F234ADBF275BD1BC00339A51 /* DayFour.swift */; };
		F234ADC3275BD1F500339A51 /* input04.txt in Resources */ = {isa = PBXBuildFile; fileRef = F234ADC2275BD1F500339A51 /* input04.txt */; };
		F234ADC5275BE88D00339A51 /* DayFourView.swift in Sources */ = {isa = PBXBuildFile; fileRef = F234ADC4275BE88D00339A51 /* DayFourView.swift */; };
		F24762522757DB1400DD9492 /* AdventOfCode21App.swift in Sources */ = {isa = PBXBuildFile; fileRef = F24762512757DB1400DD9492 /* AdventOfCode21App.swift */; };
		F24762542757DB1400DD9492 /* ContentView.swift in Sources */ = {isa = PBXBuildFile; fileRef = F24762532757DB1400DD9492 /* ContentView.swift */; };
		F24762562757DB1500DD9492 /* Assets.xcassets in Resources */ = {isa = PBXBuildFile; fileRef = F24762552757DB1500DD9492 /* Assets.xcassets */; };
		F24762592757DB1500DD9492 /* Preview Assets.xcassets in Resources */ = {isa = PBXBuildFile; fileRef = F24762582757DB1500DD9492 /* Preview Assets.xcassets */; };
		F24762612757DB3600DD9492 /* input01.txt in Resources */ = {isa = PBXBuildFile; fileRef = F24762602757DB3600DD9492 /* input01.txt */; };
		F24762632757DB5D00DD9492 /* DayOne.swift in Sources */ = {isa = PBXBuildFile; fileRef = F24762622757DB5D00DD9492 /* DayOne.swift */; };
		F24762722757DC0700DD9492 /* DayOneTests.swift in Sources */ = {isa = PBXBuildFile; fileRef = F24762712757DC0700DD9492 /* DayOneTests.swift */; };
		F24762742757DC6200DD9492 /* testInput01.txt in Resources */ = {isa = PBXBuildFile; fileRef = F24762732757DC6200DD9492 /* testInput01.txt */; };
		F24762762757E96000DD9492 /* Part.swift in Sources */ = {isa = PBXBuildFile; fileRef = F24762752757E96000DD9492 /* Part.swift */; };
/* End PBXBuildFile section */

/* Begin PBXContainerItemProxy section */
		F247626C2757DBED00DD9492 /* PBXContainerItemProxy */ = {
			isa = PBXContainerItemProxy;
			containerPortal = F24762462757DB1400DD9492 /* Project object */;
			proxyType = 1;
			remoteGlobalIDString = F247624D2757DB1400DD9492;
			remoteInfo = AdventOfCode21;
		};
/* End PBXContainerItemProxy section */

/* Begin PBXFileReference section */
		F234AD9C275923E900339A51 /* input02.txt */ = {isa = PBXFileReference; lastKnownFileType = text; path = input02.txt; sourceTree = "<group>"; };
		F234AD9E2759240D00339A51 /* DayTwo.swift */ = {isa = PBXFileReference; lastKnownFileType = sourcecode.swift; path = DayTwo.swift; sourceTree = "<group>"; };
		F234ADA02759282B00339A51 /* DayTwoTests.swift */ = {isa = PBXFileReference; lastKnownFileType = sourcecode.swift; path = DayTwoTests.swift; sourceTree = "<group>"; };
		F234ADA22759288D00339A51 /* testInput02.txt */ = {isa = PBXFileReference; lastKnownFileType = text; path = testInput02.txt; sourceTree = "<group>"; };
		F234ADA427592EAE00339A51 /* DayOneView.swift */ = {isa = PBXFileReference; lastKnownFileType = sourcecode.swift; path = DayOneView.swift; sourceTree = "<group>"; };
		F234ADA627592F1200339A51 /* DayTwoView.swift */ = {isa = PBXFileReference; lastKnownFileType = sourcecode.swift; path = DayTwoView.swift; sourceTree = "<group>"; };
		F234ADAA275A05E400339A51 /* DayProtocol.swift */ = {isa = PBXFileReference; lastKnownFileType = sourcecode.swift; path = DayProtocol.swift; sourceTree = "<group>"; };
		F234ADAC275A068000339A51 /* DayThree.swift */ = {isa = PBXFileReference; lastKnownFileType = sourcecode.swift; path = DayThree.swift; sourceTree = "<group>"; };
		F234ADAF275A06B900339A51 /* input03.txt */ = {isa = PBXFileReference; lastKnownFileType = text; path = input03.txt; sourceTree = "<group>"; };
		F234ADB3275A073600339A51 /* DayThreeTests.swift */ = {isa = PBXFileReference; lastKnownFileType = sourcecode.swift; path = DayThreeTests.swift; sourceTree = "<group>"; };
		F234ADB6275A075200339A51 /* testInput03.txt */ = {isa = PBXFileReference; lastKnownFileType = text; path = testInput03.txt; sourceTree = "<group>"; };
		F234ADB8275A127200339A51 /* DayThreeView.swift */ = {isa = PBXFileReference; lastKnownFileType = sourcecode.swift; path = DayThreeView.swift; sourceTree = "<group>"; };
		F234ADBA275BD11800339A51 /* DayFourTests.swift */ = {isa = PBXFileReference; lastKnownFileType = sourcecode.swift; path = DayFourTests.swift; sourceTree = "<group>"; };
		F234ADBD275BD13600339A51 /* testInput04.txt */ = {isa = PBXFileReference; lastKnownFileType = text; path = testInput04.txt; sourceTree = "<group>"; };
		F234ADBF275BD1BC00339A51 /* DayFour.swift */ = {isa = PBXFileReference; lastKnownFileType = sourcecode.swift; path = DayFour.swift; sourceTree = "<group>"; };
		F234ADC2275BD1F500339A51 /* input04.txt */ = {isa = PBXFileReference; lastKnownFileType = text; path = input04.txt; sourceTree = "<group>"; };
		F234ADC4275BE88D00339A51 /* DayFourView.swift */ = {isa = PBXFileReference; lastKnownFileType = sourcecode.swift; path = DayFourView.swift; sourceTree = "<group>"; };
		F247624E2757DB1400DD9492 /* AdventOfCode21.app */ = {isa = PBXFileReference; explicitFileType = wrapper.application; includeInIndex = 0; path = AdventOfCode21.app; sourceTree = BUILT_PRODUCTS_DIR; };
		F24762512757DB1400DD9492 /* AdventOfCode21App.swift */ = {isa = PBXFileReference; lastKnownFileType = sourcecode.swift; path = AdventOfCode21App.swift; sourceTree = "<group>"; };
		F24762532757DB1400DD9492 /* ContentView.swift */ = {isa = PBXFileReference; lastKnownFileType = sourcecode.swift; path = ContentView.swift; sourceTree = "<group>"; };
		F24762552757DB1500DD9492 /* Assets.xcassets */ = {isa = PBXFileReference; lastKnownFileType = folder.assetcatalog; path = Assets.xcassets; sourceTree = "<group>"; };
		F24762582757DB1500DD9492 /* Preview Assets.xcassets */ = {isa = PBXFileReference; lastKnownFileType = folder.assetcatalog; path = "Preview Assets.xcassets"; sourceTree = "<group>"; };
		F247625A2757DB1500DD9492 /* AdventOfCode21.entitlements */ = {isa = PBXFileReference; lastKnownFileType = text.plist.entitlements; path = AdventOfCode21.entitlements; sourceTree = "<group>"; };
		F24762602757DB3600DD9492 /* input01.txt */ = {isa = PBXFileReference; lastKnownFileType = text; path = input01.txt; sourceTree = "<group>"; };
		F24762622757DB5D00DD9492 /* DayOne.swift */ = {isa = PBXFileReference; lastKnownFileType = sourcecode.swift; path = DayOne.swift; sourceTree = "<group>"; };
		F24762682757DBED00DD9492 /* AdventOfCode21Tests.xctest */ = {isa = PBXFileReference; explicitFileType = wrapper.cfbundle; includeInIndex = 0; path = AdventOfCode21Tests.xctest; sourceTree = BUILT_PRODUCTS_DIR; };
		F24762712757DC0700DD9492 /* DayOneTests.swift */ = {isa = PBXFileReference; lastKnownFileType = sourcecode.swift; path = DayOneTests.swift; sourceTree = "<group>"; };
		F24762732757DC6200DD9492 /* testInput01.txt */ = {isa = PBXFileReference; lastKnownFileType = text; path = testInput01.txt; sourceTree = "<group>"; };
		F24762752757E96000DD9492 /* Part.swift */ = {isa = PBXFileReference; lastKnownFileType = sourcecode.swift; path = Part.swift; sourceTree = "<group>"; };
/* End PBXFileReference section */

/* Begin PBXFrameworksBuildPhase section */
		F247624B2757DB1400DD9492 /* Frameworks */ = {
			isa = PBXFrameworksBuildPhase;
			buildActionMask = 2147483647;
			files = (
			);
			runOnlyForDeploymentPostprocessing = 0;
		};
		F24762652757DBED00DD9492 /* Frameworks */ = {
			isa = PBXFrameworksBuildPhase;
			buildActionMask = 2147483647;
			files = (
			);
			runOnlyForDeploymentPostprocessing = 0;
		};
/* End PBXFrameworksBuildPhase section */

/* Begin PBXGroup section */
		F234ADA8275930FD00339A51 /* DayOne */ = {
			isa = PBXGroup;
			children = (
				F24762602757DB3600DD9492 /* input01.txt */,
				F234ADA427592EAE00339A51 /* DayOneView.swift */,
				F24762622757DB5D00DD9492 /* DayOne.swift */,
			);
			path = DayOne;
			sourceTree = "<group>";
		};
		F234ADA92759311500339A51 /* DayTwo */ = {
			isa = PBXGroup;
			children = (
				F234AD9C275923E900339A51 /* input02.txt */,
				F234ADA627592F1200339A51 /* DayTwoView.swift */,
				F234AD9E2759240D00339A51 /* DayTwo.swift */,
			);
			path = DayTwo;
			sourceTree = "<group>";
		};
		F234ADAE275A068600339A51 /* DayThree */ = {
			isa = PBXGroup;
			children = (
				F234ADAF275A06B900339A51 /* input03.txt */,
				F234ADAC275A068000339A51 /* DayThree.swift */,
				F234ADB8275A127200339A51 /* DayThreeView.swift */,
			);
			path = DayThree;
			sourceTree = "<group>";
		};
		F234ADB1275A06F000339A51 /* DayOne */ = {
			isa = PBXGroup;
			children = (
				F24762712757DC0700DD9492 /* DayOneTests.swift */,
				F24762732757DC6200DD9492 /* testInput01.txt */,
			);
			path = DayOne;
			sourceTree = "<group>";
		};
		F234ADB2275A06FA00339A51 /* DayTwo */ = {
			isa = PBXGroup;
			children = (
				F234ADA02759282B00339A51 /* DayTwoTests.swift */,
				F234ADA22759288D00339A51 /* testInput02.txt */,
			);
			path = DayTwo;
			sourceTree = "<group>";
		};
		F234ADB5275A073B00339A51 /* DayThree */ = {
			isa = PBXGroup;
			children = (
				F234ADB3275A073600339A51 /* DayThreeTests.swift */,
				F234ADB6275A075200339A51 /* testInput03.txt */,
			);
			path = DayThree;
			sourceTree = "<group>";
		};
		F234ADBC275BD11B00339A51 /* DayFour */ = {
			isa = PBXGroup;
			children = (
				F234ADBA275BD11800339A51 /* DayFourTests.swift */,
				F234ADBD275BD13600339A51 /* testInput04.txt */,
			);
			path = DayFour;
			sourceTree = "<group>";
		};
		F234ADC1275BD1C300339A51 /* DayFour */ = {
			isa = PBXGroup;
			children = (
				F234ADC4275BE88D00339A51 /* DayFourView.swift */,
				F234ADBF275BD1BC00339A51 /* DayFour.swift */,
				F234ADC2275BD1F500339A51 /* input04.txt */,
			);
			path = DayFour;
			sourceTree = "<group>";
		};
		F24762452757DB1400DD9492 = {
			isa = PBXGroup;
			children = (
				F24762502757DB1400DD9492 /* AdventOfCode21 */,
				F24762692757DBED00DD9492 /* AdventOfCode21Tests */,
				F247624F2757DB1400DD9492 /* Products */,
			);
			sourceTree = "<group>";
		};
		F247624F2757DB1400DD9492 /* Products */ = {
			isa = PBXGroup;
			children = (
				F247624E2757DB1400DD9492 /* AdventOfCode21.app */,
				F24762682757DBED00DD9492 /* AdventOfCode21Tests.xctest */,
			);
			name = Products;
			sourceTree = "<group>";
		};
		F24762502757DB1400DD9492 /* AdventOfCode21 */ = {
			isa = PBXGroup;
			children = (
				F24762512757DB1400DD9492 /* AdventOfCode21App.swift */,
				F24762532757DB1400DD9492 /* ContentView.swift */,
				F234ADA8275930FD00339A51 /* DayOne */,
				F234ADA92759311500339A51 /* DayTwo */,
				F234ADAE275A068600339A51 /* DayThree */,
				F234ADC1275BD1C300339A51 /* DayFour */,
				F24762752757E96000DD9492 /* Part.swift */,
				F234ADAA275A05E400339A51 /* DayProtocol.swift */,
				F24762552757DB1500DD9492 /* Assets.xcassets */,
				F247625A2757DB1500DD9492 /* AdventOfCode21.entitlements */,
				F24762572757DB1500DD9492 /* Preview Content */,
			);
			path = AdventOfCode21;
			sourceTree = "<group>";
		};
		F24762572757DB1500DD9492 /* Preview Content */ = {
			isa = PBXGroup;
			children = (
				F24762582757DB1500DD9492 /* Preview Assets.xcassets */,
			);
			path = "Preview Content";
			sourceTree = "<group>";
		};
		F24762692757DBED00DD9492 /* AdventOfCode21Tests */ = {
			isa = PBXGroup;
			children = (
				F234ADB1275A06F000339A51 /* DayOne */,
				F234ADB2275A06FA00339A51 /* DayTwo */,
				F234ADB5275A073B00339A51 /* DayThree */,
				F234ADBC275BD11B00339A51 /* DayFour */,
			);
			path = AdventOfCode21Tests;
			sourceTree = "<group>";
		};
/* End PBXGroup section */

/* Begin PBXNativeTarget section */
		F247624D2757DB1400DD9492 /* AdventOfCode21 */ = {
			isa = PBXNativeTarget;
			buildConfigurationList = F247625D2757DB1500DD9492 /* Build configuration list for PBXNativeTarget "AdventOfCode21" */;
			buildPhases = (
				F247624A2757DB1400DD9492 /* Sources */,
				F247624B2757DB1400DD9492 /* Frameworks */,
				F247624C2757DB1400DD9492 /* Resources */,
			);
			buildRules = (
			);
			dependencies = (
			);
			name = AdventOfCode21;
			productName = AdventOfCode21;
			productReference = F247624E2757DB1400DD9492 /* AdventOfCode21.app */;
			productType = "com.apple.product-type.application";
		};
		F24762672757DBED00DD9492 /* AdventOfCode21Tests */ = {
			isa = PBXNativeTarget;
			buildConfigurationList = F247626E2757DBED00DD9492 /* Build configuration list for PBXNativeTarget "AdventOfCode21Tests" */;
			buildPhases = (
				F24762642757DBED00DD9492 /* Sources */,
				F24762652757DBED00DD9492 /* Frameworks */,
				F24762662757DBED00DD9492 /* Resources */,
			);
			buildRules = (
			);
			dependencies = (
				F247626D2757DBED00DD9492 /* PBXTargetDependency */,
			);
			name = AdventOfCode21Tests;
			productName = AdventOfCode21Tests;
			productReference = F24762682757DBED00DD9492 /* AdventOfCode21Tests.xctest */;
			productType = "com.apple.product-type.bundle.unit-test";
		};
/* End PBXNativeTarget section */

/* Begin PBXProject section */
		F24762462757DB1400DD9492 /* Project object */ = {
			isa = PBXProject;
			attributes = {
				BuildIndependentTargetsInParallel = 1;
				LastSwiftUpdateCheck = 1310;
				LastUpgradeCheck = 1310;
				ORGANIZATIONNAME = dasdom;
				TargetAttributes = {
					F247624D2757DB1400DD9492 = {
						CreatedOnToolsVersion = 13.1;
					};
					F24762672757DBED00DD9492 = {
						CreatedOnToolsVersion = 13.1;
						TestTargetID = F247624D2757DB1400DD9492;
					};
				};
			};
			buildConfigurationList = F24762492757DB1400DD9492 /* Build configuration list for PBXProject "AdventOfCode21" */;
			compatibilityVersion = "Xcode 13.0";
			developmentRegion = en;
			hasScannedForEncodings = 0;
			knownRegions = (
				en,
				Base,
			);
			mainGroup = F24762452757DB1400DD9492;
			productRefGroup = F247624F2757DB1400DD9492 /* Products */;
			projectDirPath = "";
			projectRoot = "";
			targets = (
				F247624D2757DB1400DD9492 /* AdventOfCode21 */,
				F24762672757DBED00DD9492 /* AdventOfCode21Tests */,
			);
		};
/* End PBXProject section */

/* Begin PBXResourcesBuildPhase section */
		F247624C2757DB1400DD9492 /* Resources */ = {
			isa = PBXResourcesBuildPhase;
			buildActionMask = 2147483647;
			files = (
				F24762592757DB1500DD9492 /* Preview Assets.xcassets in Resources */,
				F234ADC3275BD1F500339A51 /* input04.txt in Resources */,
				F234AD9D275923E900339A51 /* input02.txt in Resources */,
				F24762612757DB3600DD9492 /* input01.txt in Resources */,
				F24762562757DB1500DD9492 /* Assets.xcassets in Resources */,
				F234ADB0275A06B900339A51 /* input03.txt in Resources */,
			);
			runOnlyForDeploymentPostprocessing = 0;
		};
		F24762662757DBED00DD9492 /* Resources */ = {
			isa = PBXResourcesBuildPhase;
			buildActionMask = 2147483647;
			files = (
				F234ADB7275A075200339A51 /* testInput03.txt in Resources */,
				F234ADBE275BD13600339A51 /* testInput04.txt in Resources */,
				F24762742757DC6200DD9492 /* testInput01.txt in Resources */,
				F234ADA32759288D00339A51 /* testInput02.txt in Resources */,
			);
			runOnlyForDeploymentPostprocessing = 0;
		};
/* End PBXResourcesBuildPhase section */

/* Begin PBXSourcesBuildPhase section */
		F247624A2757DB1400DD9492 /* Sources */ = {
			isa = PBXSourcesBuildPhase;
			buildActionMask = 2147483647;
			files = (
				F234ADB9275A127200339A51 /* DayThreeView.swift in Sources */,
				F234ADA727592F1200339A51 /* DayTwoView.swift in Sources */,
				F234AD9F2759240D00339A51 /* DayTwo.swift in Sources */,
				F234ADAD275A068000339A51 /* DayThree.swift in Sources */,
				F24762762757E96000DD9492 /* Part.swift in Sources */,
				F234ADA527592EAE00339A51 /* DayOneView.swift in Sources */,
				F234ADAB275A05E400339A51 /* DayProtocol.swift in Sources */,
				F24762542757DB1400DD9492 /* ContentView.swift in Sources */,
				F24762522757DB1400DD9492 /* AdventOfCode21App.swift in Sources */,
				F24762632757DB5D00DD9492 /* DayOne.swift in Sources */,
				F234ADC5275BE88D00339A51 /* DayFourView.swift in Sources */,
				F234ADC0275BD1BC00339A51 /* DayFour.swift in Sources */,
			);
			runOnlyForDeploymentPostprocessing = 0;
		};
		F24762642757DBED00DD9492 /* Sources */ = {
			isa = PBXSourcesBuildPhase;
			buildActionMask = 2147483647;
			files = (
				F24762722757DC0700DD9492 /* DayOneTests.swift in Sources */,
				F234ADB4275A073600339A51 /* DayThreeTests.swift in Sources */,
				F234ADBB275BD11800339A51 /* DayFourTests.swift in Sources */,
				F234ADA12759282B00339A51 /* DayTwoTests.swift in Sources */,
			);
			runOnlyForDeploymentPostprocessing = 0;
		};
/* End PBXSourcesBuildPhase section */

/* Begin PBXTargetDependency section */
		F247626D2757DBED00DD9492 /* PBXTargetDependency */ = {
			isa = PBXTargetDependency;
			target = F247624D2757DB1400DD9492 /* AdventOfCode21 */;
			targetProxy = F247626C2757DBED00DD9492 /* PBXContainerItemProxy */;
		};
/* End PBXTargetDependency section */

/* Begin XCBuildConfiguration section */
		F247625B2757DB1500DD9492 /* Debug */ = {
			isa = XCBuildConfiguration;
			buildSettings = {
				ALWAYS_SEARCH_USER_PATHS = NO;
				CLANG_ANALYZER_NONNULL = YES;
				CLANG_ANALYZER_NUMBER_OBJECT_CONVERSION = YES_AGGRESSIVE;
				CLANG_CXX_LANGUAGE_STANDARD = "gnu++17";
				CLANG_CXX_LIBRARY = "libc++";
				CLANG_ENABLE_MODULES = YES;
				CLANG_ENABLE_OBJC_ARC = YES;
				CLANG_ENABLE_OBJC_WEAK = YES;
				CLANG_WARN_BLOCK_CAPTURE_AUTORELEASING = YES;
				CLANG_WARN_BOOL_CONVERSION = YES;
				CLANG_WARN_COMMA = YES;
				CLANG_WARN_CONSTANT_CONVERSION = YES;
				CLANG_WARN_DEPRECATED_OBJC_IMPLEMENTATIONS = YES;
				CLANG_WARN_DIRECT_OBJC_ISA_USAGE = YES_ERROR;
				CLANG_WARN_DOCUMENTATION_COMMENTS = YES;
				CLANG_WARN_EMPTY_BODY = YES;
				CLANG_WARN_ENUM_CONVERSION = YES;
				CLANG_WARN_INFINITE_RECURSION = YES;
				CLANG_WARN_INT_CONVERSION = YES;
				CLANG_WARN_NON_LITERAL_NULL_CONVERSION = YES;
				CLANG_WARN_OBJC_IMPLICIT_RETAIN_SELF = YES;
				CLANG_WARN_OBJC_LITERAL_CONVERSION = YES;
				CLANG_WARN_OBJC_ROOT_CLASS = YES_ERROR;
				CLANG_WARN_QUOTED_INCLUDE_IN_FRAMEWORK_HEADER = YES;
				CLANG_WARN_RANGE_LOOP_ANALYSIS = YES;
				CLANG_WARN_STRICT_PROTOTYPES = YES;
				CLANG_WARN_SUSPICIOUS_MOVE = YES;
				CLANG_WARN_UNGUARDED_AVAILABILITY = YES_AGGRESSIVE;
				CLANG_WARN_UNREACHABLE_CODE = YES;
				CLANG_WARN__DUPLICATE_METHOD_MATCH = YES;
				COPY_PHASE_STRIP = NO;
				DEBUG_INFORMATION_FORMAT = dwarf;
				ENABLE_STRICT_OBJC_MSGSEND = YES;
				ENABLE_TESTABILITY = YES;
				GCC_C_LANGUAGE_STANDARD = gnu11;
				GCC_DYNAMIC_NO_PIC = NO;
				GCC_NO_COMMON_BLOCKS = YES;
				GCC_OPTIMIZATION_LEVEL = 0;
				GCC_PREPROCESSOR_DEFINITIONS = (
					"DEBUG=1",
					"$(inherited)",
				);
				GCC_WARN_64_TO_32_BIT_CONVERSION = YES;
				GCC_WARN_ABOUT_RETURN_TYPE = YES_ERROR;
				GCC_WARN_UNDECLARED_SELECTOR = YES;
				GCC_WARN_UNINITIALIZED_AUTOS = YES_AGGRESSIVE;
				GCC_WARN_UNUSED_FUNCTION = YES;
				GCC_WARN_UNUSED_VARIABLE = YES;
				MACOSX_DEPLOYMENT_TARGET = 11.6;
				MTL_ENABLE_DEBUG_INFO = INCLUDE_SOURCE;
				MTL_FAST_MATH = YES;
				ONLY_ACTIVE_ARCH = YES;
				SDKROOT = macosx;
				SWIFT_ACTIVE_COMPILATION_CONDITIONS = DEBUG;
				SWIFT_OPTIMIZATION_LEVEL = "-Onone";
			};
			name = Debug;
		};
		F247625C2757DB1500DD9492 /* Release */ = {
			isa = XCBuildConfiguration;
			buildSettings = {
				ALWAYS_SEARCH_USER_PATHS = NO;
				CLANG_ANALYZER_NONNULL = YES;
				CLANG_ANALYZER_NUMBER_OBJECT_CONVERSION = YES_AGGRESSIVE;
				CLANG_CXX_LANGUAGE_STANDARD = "gnu++17";
				CLANG_CXX_LIBRARY = "libc++";
				CLANG_ENABLE_MODULES = YES;
				CLANG_ENABLE_OBJC_ARC = YES;
				CLANG_ENABLE_OBJC_WEAK = YES;
				CLANG_WARN_BLOCK_CAPTURE_AUTORELEASING = YES;
				CLANG_WARN_BOOL_CONVERSION = YES;
				CLANG_WARN_COMMA = YES;
				CLANG_WARN_CONSTANT_CONVERSION = YES;
				CLANG_WARN_DEPRECATED_OBJC_IMPLEMENTATIONS = YES;
				CLANG_WARN_DIRECT_OBJC_ISA_USAGE = YES_ERROR;
				CLANG_WARN_DOCUMENTATION_COMMENTS = YES;
				CLANG_WARN_EMPTY_BODY = YES;
				CLANG_WARN_ENUM_CONVERSION = YES;
				CLANG_WARN_INFINITE_RECURSION = YES;
				CLANG_WARN_INT_CONVERSION = YES;
				CLANG_WARN_NON_LITERAL_NULL_CONVERSION = YES;
				CLANG_WARN_OBJC_IMPLICIT_RETAIN_SELF = YES;
				CLANG_WARN_OBJC_LITERAL_CONVERSION = YES;
				CLANG_WARN_OBJC_ROOT_CLASS = YES_ERROR;
				CLANG_WARN_QUOTED_INCLUDE_IN_FRAMEWORK_HEADER = YES;
				CLANG_WARN_RANGE_LOOP_ANALYSIS = YES;
				CLANG_WARN_STRICT_PROTOTYPES = YES;
				CLANG_WARN_SUSPICIOUS_MOVE = YES;
				CLANG_WARN_UNGUARDED_AVAILABILITY = YES_AGGRESSIVE;
				CLANG_WARN_UNREACHABLE_CODE = YES;
				CLANG_WARN__DUPLICATE_METHOD_MATCH = YES;
				COPY_PHASE_STRIP = NO;
				DEBUG_INFORMATION_FORMAT = "dwarf-with-dsym";
				ENABLE_NS_ASSERTIONS = NO;
				ENABLE_STRICT_OBJC_MSGSEND = YES;
				GCC_C_LANGUAGE_STANDARD = gnu11;
				GCC_NO_COMMON_BLOCKS = YES;
				GCC_WARN_64_TO_32_BIT_CONVERSION = YES;
				GCC_WARN_ABOUT_RETURN_TYPE = YES_ERROR;
				GCC_WARN_UNDECLARED_SELECTOR = YES;
				GCC_WARN_UNINITIALIZED_AUTOS = YES_AGGRESSIVE;
				GCC_WARN_UNUSED_FUNCTION = YES;
				GCC_WARN_UNUSED_VARIABLE = YES;
				MACOSX_DEPLOYMENT_TARGET = 11.6;
				MTL_ENABLE_DEBUG_INFO = NO;
				MTL_FAST_MATH = YES;
				SDKROOT = macosx;
				SWIFT_COMPILATION_MODE = wholemodule;
				SWIFT_OPTIMIZATION_LEVEL = "-O";
			};
			name = Release;
		};
		F247625E2757DB1500DD9492 /* Debug */ = {
			isa = XCBuildConfiguration;
			buildSettings = {
				ASSETCATALOG_COMPILER_APPICON_NAME = AppIcon;
				ASSETCATALOG_COMPILER_GLOBAL_ACCENT_COLOR_NAME = AccentColor;
				CODE_SIGN_ENTITLEMENTS = AdventOfCode21/AdventOfCode21.entitlements;
				CODE_SIGN_STYLE = Automatic;
				COMBINE_HIDPI_IMAGES = YES;
				CURRENT_PROJECT_VERSION = 1;
				DEVELOPMENT_ASSET_PATHS = "\"AdventOfCode21/Preview Content\"";
				DEVELOPMENT_TEAM = Q6PD97MRX4;
				ENABLE_HARDENED_RUNTIME = YES;
				ENABLE_PREVIEWS = YES;
				GENERATE_INFOPLIST_FILE = YES;
				INFOPLIST_KEY_NSHumanReadableCopyright = "";
				LD_RUNPATH_SEARCH_PATHS = (
					"$(inherited)",
					"@executable_path/../Frameworks",
				);
				MARKETING_VERSION = 1.0;
				PRODUCT_BUNDLE_IDENTIFIER = de.dasdom.AdventOfCode21;
				PRODUCT_NAME = "$(TARGET_NAME)";
				SWIFT_EMIT_LOC_STRINGS = YES;
				SWIFT_VERSION = 5.0;
			};
			name = Debug;
		};
		F247625F2757DB1500DD9492 /* Release */ = {
			isa = XCBuildConfiguration;
			buildSettings = {
				ASSETCATALOG_COMPILER_APPICON_NAME = AppIcon;
				ASSETCATALOG_COMPILER_GLOBAL_ACCENT_COLOR_NAME = AccentColor;
				CODE_SIGN_ENTITLEMENTS = AdventOfCode21/AdventOfCode21.entitlements;
				CODE_SIGN_STYLE = Automatic;
				COMBINE_HIDPI_IMAGES = YES;
				CURRENT_PROJECT_VERSION = 1;
				DEVELOPMENT_ASSET_PATHS = "\"AdventOfCode21/Preview Content\"";
				DEVELOPMENT_TEAM = Q6PD97MRX4;
				ENABLE_HARDENED_RUNTIME = YES;
				ENABLE_PREVIEWS = YES;
				GENERATE_INFOPLIST_FILE = YES;
				INFOPLIST_KEY_NSHumanReadableCopyright = "";
				LD_RUNPATH_SEARCH_PATHS = (
					"$(inherited)",
					"@executable_path/../Frameworks",
				);
				MARKETING_VERSION = 1.0;
				PRODUCT_BUNDLE_IDENTIFIER = de.dasdom.AdventOfCode21;
				PRODUCT_NAME = "$(TARGET_NAME)";
				SWIFT_EMIT_LOC_STRINGS = YES;
				SWIFT_VERSION = 5.0;
			};
			name = Release;
		};
		F247626F2757DBED00DD9492 /* Debug */ = {
			isa = XCBuildConfiguration;
			buildSettings = {
				BUNDLE_LOADER = "$(TEST_HOST)";
				CODE_SIGN_STYLE = Automatic;
				COMBINE_HIDPI_IMAGES = YES;
				CURRENT_PROJECT_VERSION = 1;
				DEVELOPMENT_TEAM = Q6PD97MRX4;
				GENERATE_INFOPLIST_FILE = YES;
				LD_RUNPATH_SEARCH_PATHS = (
					"$(inherited)",
					"@executable_path/../Frameworks",
					"@loader_path/../Frameworks",
				);
				MARKETING_VERSION = 1.0;
				PRODUCT_BUNDLE_IDENTIFIER = de.dasdom.AdventOfCode21Tests;
				PRODUCT_NAME = "$(TARGET_NAME)";
				SWIFT_EMIT_LOC_STRINGS = NO;
				SWIFT_VERSION = 5.0;
				TEST_HOST = "$(BUILT_PRODUCTS_DIR)/AdventOfCode21.app/Contents/MacOS/AdventOfCode21";
			};
			name = Debug;
		};
		F24762702757DBED00DD9492 /* Release */ = {
			isa = XCBuildConfiguration;
			buildSettings = {
				BUNDLE_LOADER = "$(TEST_HOST)";
				CODE_SIGN_STYLE = Automatic;
				COMBINE_HIDPI_IMAGES = YES;
				CURRENT_PROJECT_VERSION = 1;
				DEVELOPMENT_TEAM = Q6PD97MRX4;
				GENERATE_INFOPLIST_FILE = YES;
				LD_RUNPATH_SEARCH_PATHS = (
					"$(inherited)",
					"@executable_path/../Frameworks",
					"@loader_path/../Frameworks",
				);
				MARKETING_VERSION = 1.0;
				PRODUCT_BUNDLE_IDENTIFIER = de.dasdom.AdventOfCode21Tests;
				PRODUCT_NAME = "$(TARGET_NAME)";
				SWIFT_EMIT_LOC_STRINGS = NO;
				SWIFT_VERSION = 5.0;
				TEST_HOST = "$(BUILT_PRODUCTS_DIR)/AdventOfCode21.app/Contents/MacOS/AdventOfCode21";
			};
			name = Release;
		};
/* End XCBuildConfiguration section */

/* Begin XCConfigurationList section */
		F24762492757DB1400DD9492 /* Build configuration list for PBXProject "AdventOfCode21" */ = {
			isa = XCConfigurationList;
			buildConfigurations = (
				F247625B2757DB1500DD9492 /* Debug */,
				F247625C2757DB1500DD9492 /* Release */,
			);
			defaultConfigurationIsVisible = 0;
			defaultConfigurationName = Release;
		};
		F247625D2757DB1500DD9492 /* Build configuration list for PBXNativeTarget "AdventOfCode21" */ = {
			isa = XCConfigurationList;
			buildConfigurations = (
				F247625E2757DB1500DD9492 /* Debug */,
				F247625F2757DB1500DD9492 /* Release */,
			);
			defaultConfigurationIsVisible = 0;
			defaultConfigurationName = Release;
		};
		F247626E2757DBED00DD9492 /* Build configuration list for PBXNativeTarget "AdventOfCode21Tests" */ = {
			isa = XCConfigurationList;
			buildConfigurations = (
				F247626F2757DBED00DD9492 /* Debug */,
				F24762702757DBED00DD9492 /* Release */,
			);
			defaultConfigurationIsVisible = 0;
			defaultConfigurationName = Release;
		};
/* End XCConfigurationList section */
	};
	rootObject = F24762462757DB1400DD9492 /* Project object */;
}
